{
    "name": "@confuzzle/confuz-crossword",
    "version": "1.0.2",
    "lockfileVersion": 2,
    "requires": true,
    "packages": {
        "": {
            "version": "1.0.2",
            "license": "MIT",
            "dependencies": {
                "@confuzzle/burrows-wheeler": "^1.0.0",
                "@confuzzle/confuz-parser": "^1.0.0",
                "@confuzzle/move-to-front": "^1.0.0",
                "@confuzzle/puz-common": "^1.0.1",
                "@confuzzle/puz-sharing": "^1.1.0",
                "@thi.ng/range-coder": "^1.0.64",
                "base64url": "^3.0.1"
            }
        },
        "node_modules/@confuzzle/burrows-wheeler": {
            "version": "1.0.0",
            "resolved": "https://registry.npmjs.org/@confuzzle/burrows-wheeler/-/burrows-wheeler-1.0.0.tgz",
            "integrity": "sha512-4hEs+wVY4WIK0XMwOfI4FnfmAW3Ob29PgDhOaL/J0dgwvd35j53EjqRQyEa7XJ39kp5ERYVKxNqLROiY3x0OXw=="
        },
        "node_modules/@confuzzle/confuz-parser": {
            "version": "1.0.0",
            "resolved": "https://registry.npmjs.org/@confuzzle/confuz-parser/-/confuz-parser-1.0.0.tgz",
            "integrity": "sha512-5oyBqdap4ahXST1HztFe1KY26Om35KaG2NFTJ7jh74Nxq6WBn0UDk59asoih7iXsIQC55SQmAACaXm2Aj85V7A==",
            "dependencies": {
                "enolib": "^0.8.2",
                "enotype": "^0.3.0",
                "sanitize-html": "^1.27.5"
            }
        },
        "node_modules/@confuzzle/ecoji-buffers": {
            "version": "1.0.0",
            "resolved": "https://registry.npmjs.org/@confuzzle/ecoji-buffers/-/ecoji-buffers-1.0.0.tgz",
            "integrity": "sha512-33F3Mg32X8ivh6RcAFZUhbQlnauoUap38Gmmmp0y9kPnYmtczgyTnPkAqcr0Ky7cSmiXzlQWMY2ms1wQr69GMQ=="
        },
        "node_modules/@confuzzle/move-to-front": {
            "version": "1.0.0",
            "resolved": "https://registry.npmjs.org/@confuzzle/move-to-front/-/move-to-front-1.0.0.tgz",
            "integrity": "sha512-BD4i5YaIFatlHlETbxTN00R0FuXk16yYjXEDuCqHUDeWprwds/EaLV9FUpPQKDt3Vo2GRthZtlgdJgAILQZI+g=="
        },
        "node_modules/@confuzzle/puz-common": {
            "version": "1.0.1",
            "resolved": "https://registry.npmjs.org/@confuzzle/puz-common/-/puz-common-1.0.1.tgz",
            "integrity": "sha512-2x9izbdqYXuUclMtFVdLs2rLYav9uEfyH016cEBcQnFEsXJzSRphBvUy5u+PhsfTRKJWN/4DPe5+GnC4TXzEkQ==",
            "dependencies": {
                "iconv-lite": "^0.5.2"
            }
        },
        "node_modules/@confuzzle/puz-crossword": {
            "version": "1.0.1",
            "resolved": "https://registry.npmjs.org/@confuzzle/puz-crossword/-/puz-crossword-1.0.1.tgz",
            "integrity": "sha512-OsMqIW6Zd4ocTuZ710ZUbpZWrwyjjszLpY4HlZRmi8vEnhrXUsEo0ksmZpHW5XgSYamXeIDW0lrdIemsbL/E2A==",
            "dependencies": {
                "@confuzzle/puz-common": "^1.0.0",
                "@confuzzle/readpuz": "^1.0.0",
                "@confuzzle/writepuz": "^1.0.0",
                "iconv-lite": "^0.5.2"
            }
        },
        "node_modules/@confuzzle/puz-sharing": {
            "version": "1.1.0",
            "resolved": "https://registry.npmjs.org/@confuzzle/puz-sharing/-/puz-sharing-1.1.0.tgz",
            "integrity": "sha512-/vnHlMOnfIlsdIQWk23Ubex2AO++HblRnjvQGBF5+wHcTIDamhjO9pFmETk66H2LgKZnNqXrpw2cXFCtjIVFLg==",
            "dependencies": {
                "@confuzzle/ecoji-buffers": "^1.0.0",
                "@confuzzle/puz-common": "^1.0.1",
                "@confuzzle/puz-crossword": "^1.0.1",
                "@confuzzle/readpuz": "^1.0.1",
                "@confuzzle/writepuz": "^1.0.1",
                "@thi.ng/range-coder": "^1.0.64",
                "base64url": "^3.0.1"
            }
        },
        "node_modules/@confuzzle/readpuz": {
            "version": "1.0.1",
            "resolved": "https://registry.npmjs.org/@confuzzle/readpuz/-/readpuz-1.0.1.tgz",
            "integrity": "sha512-Idxr6D/jc7A1XWHOdzKM633SWqQaFp480VgwlVc/nCl2bJCegIRmcBZoyxNcde7RxQDqAPupgA0B1+nT+ki1AQ==",
            "dependencies": {
                "@confuzzle/puz-common": "^1.0.0",
                "iconv-lite": "^0.5.2"
            }
        },
        "node_modules/@confuzzle/writepuz": {
            "version": "1.0.1",
            "resolved": "https://registry.npmjs.org/@confuzzle/writepuz/-/writepuz-1.0.1.tgz",
            "integrity": "sha512-5qqIBgc4TFYJVNwOq30mYbiR+ynYGCvCpKr0yBR0IwX0YsqiqOeeH7tNFd44gh8WwmPKRMXzOy6awHrdxdkBig==",
            "dependencies": {
                "@confuzzle/puz-common": "^1.0.0",
                "iconv-lite": "^0.5.2"
            }
        },
        "node_modules/@thi.ng/bitstream": {
            "version": "1.1.39",
            "resolved": "https://registry.npmjs.org/@thi.ng/bitstream/-/bitstream-1.1.39.tgz",
            "integrity": "sha512-BqauG05KrP52xWJC7JiGYf66qYBzy4b4e1ARh2AL1IF/A55hzbak7DTz5gMW6jwVAs0DHSFW1cC7eq8DtiyCIA==",
            "funding": [
                {
                    "type": "github",
                    "url": "https://github.com/sponsors/postspectacular"
                },
                {
                    "type": "patreon",
                    "url": "https://patreon.com/thing_umbrella"
                }
            ],
            "dependencies": {
                "@thi.ng/errors": "^1.3.1"
            }
        },
        "node_modules/@thi.ng/errors": {
            "version": "1.3.1",
            "resolved": "https://registry.npmjs.org/@thi.ng/errors/-/errors-1.3.1.tgz",
            "integrity": "sha512-Yuh20gmn3T1otq4gq9kP1yiQMnYq4wLdZ5VJzXDH6F9oSrzatV/NUVr46wsNtOMUWrrKK+8wQdo0HmDWPi2UVA==",
            "funding": [
                {
                    "type": "github",
                    "url": "https://github.com/sponsors/postspectacular"
                },
                {
                    "type": "patreon",
                    "url": "https://patreon.com/thing_umbrella"
                }
            ]
        },
        "node_modules/@thi.ng/range-coder": {
            "version": "1.0.83",
            "resolved": "https://registry.npmjs.org/@thi.ng/range-coder/-/range-coder-1.0.83.tgz",
            "integrity": "sha512-wgY7B1qeitEAKNhUzEfFJam1CGrt17OvnQxWxLezgyafAEKtCyfVJxL4HPm7i//E//zOQkoiBC7HBcA2HDdf7g==",
            "funding": [
                {
                    "type": "github",
                    "url": "https://github.com/sponsors/postspectacular"
                },
                {
                    "type": "patreon",
                    "url": "https://patreon.com/thing_umbrella"
                }
            ],
            "dependencies": {
                "@thi.ng/bitstream": "^1.1.39"
            }
        },
        "node_modules/ansi-styles": {
            "version": "3.2.1",
            "resolved": "https://registry.npmjs.org/ansi-styles/-/ansi-styles-3.2.1.tgz",
            "integrity": "sha512-VT0ZI6kZRdTh8YyJw3SMbYm/u+NqfsAxEpWO0Pf9sq8/e94WxxOpPKx9FR1FlyCtOVDNOQ+8ntlqFxiRc+r5qA==",
            "dependencies": {
                "color-convert": "^1.9.0"
            },
            "engines": {
                "node": ">=4"
            }
        },
        "node_modules/base64url": {
            "version": "3.0.1",
            "resolved": "https://registry.npmjs.org/base64url/-/base64url-3.0.1.tgz",
            "integrity": "sha512-ir1UPr3dkwexU7FdV8qBBbNDRUhMmIekYMFZfi+C/sLNnRESKPl23nB9b2pltqfOQNnGzsDdId90AEtG5tCx4A==",
            "engines": {
                "node": ">=6.0.0"
            }
        },
        "node_modules/chalk": {
            "version": "2.4.2",
            "resolved": "https://registry.npmjs.org/chalk/-/chalk-2.4.2.tgz",
            "integrity": "sha512-Mti+f9lpJNcwF4tWV8/OrTTtF1gZi+f8FqlyAdouralcFWFQWF2+NgCHShjkCb+IFBLq9buZwE1xckQU4peSuQ==",
            "dependencies": {
                "ansi-styles": "^3.2.1",
                "escape-string-regexp": "^1.0.5",
                "supports-color": "^5.3.0"
            },
            "engines": {
                "node": ">=4"
            }
        },
        "node_modules/chalk/node_modules/supports-color": {
            "version": "5.5.0",
            "resolved": "https://registry.npmjs.org/supports-color/-/supports-color-5.5.0.tgz",
            "integrity": "sha512-QjVjwdXIt408MIiAqCX4oUKsgU2EqAGzs2Ppkm4aQYbjm+ZEWEcW4SfFNTr4uMNZma0ey4f5lgLrkB0aX0QMow==",
            "dependencies": {
                "has-flag": "^3.0.0"
            },
            "engines": {
                "node": ">=4"
            }
        },
        "node_modules/color-convert": {
            "version": "1.9.3",
            "resolved": "https://registry.npmjs.org/color-convert/-/color-convert-1.9.3.tgz",
            "integrity": "sha512-QfAUtd+vFdAtFQcC8CCyYt1fYWxSqAiK2cSD6zDB8N3cpsEBAvRxp9zOGg6G/SHHJYAT88/az/IuDGALsNVbGg==",
            "dependencies": {
                "color-name": "1.1.3"
            }
        },
        "node_modules/color-name": {
            "version": "1.1.3",
            "resolved": "https://registry.npmjs.org/color-name/-/color-name-1.1.3.tgz",
            "integrity": "sha1-p9BVi9icQveV3UIyj3QIMcpTvCU="
        },
        "node_modules/dom-serializer": {
            "version": "1.3.2",
            "resolved": "https://registry.npmjs.org/dom-serializer/-/dom-serializer-1.3.2.tgz",
            "integrity": "sha512-5c54Bk5Dw4qAxNOI1pFEizPSjVsx5+bpJKmL2kPn8JhBUq2q09tTCa3mjijun2NfK78NMouDYNMBkOrPZiS+ig==",
            "dependencies": {
                "domelementtype": "^2.0.1",
                "domhandler": "^4.2.0",
                "entities": "^2.0.0"
            },
            "funding": {
                "url": "https://github.com/cheeriojs/dom-serializer?sponsor=1"
            }
        },
        "node_modules/dom-serializer/node_modules/domhandler": {
            "version": "4.2.0",
            "resolved": "https://registry.npmjs.org/domhandler/-/domhandler-4.2.0.tgz",
            "integrity": "sha512-zk7sgt970kzPks2Bf+dwT/PLzghLnsivb9CcxkvR8Mzr66Olr0Ofd8neSbglHJHaHa2MadfoSdNlKYAaafmWfA==",
            "dependencies": {
                "domelementtype": "^2.2.0"
            },
            "engines": {
                "node": ">= 4"
            },
            "funding": {
                "url": "https://github.com/fb55/domhandler?sponsor=1"
            }
        },
        "node_modules/domelementtype": {
            "version": "2.2.0",
            "resolved": "https://registry.npmjs.org/domelementtype/-/domelementtype-2.2.0.tgz",
            "integrity": "sha512-DtBMo82pv1dFtUmHyr48beiuq792Sxohr+8Hm9zoxklYPfa6n0Z3Byjj2IV7bmr2IyqClnqEQhfgHJJ5QF0R5A==",
            "funding": [
                {
                    "type": "github",
                    "url": "https://github.com/sponsors/fb55"
                }
            ]
        },
        "node_modules/domhandler": {
            "version": "3.3.0",
            "resolved": "https://registry.npmjs.org/domhandler/-/domhandler-3.3.0.tgz",
            "integrity": "sha512-J1C5rIANUbuYK+FuFL98650rihynUOEzRLxW+90bKZRWB6A1X1Tf82GxR1qAWLyfNPRvjqfip3Q5tdYlmAa9lA==",
            "dependencies": {
                "domelementtype": "^2.0.1"
            },
            "engines": {
                "node": ">= 4"
            },
            "funding": {
                "url": "https://github.com/fb55/domhandler?sponsor=1"
            }
        },
        "node_modules/domutils": {
            "version": "2.7.0",
            "resolved": "https://registry.npmjs.org/domutils/-/domutils-2.7.0.tgz",
            "integrity": "sha512-8eaHa17IwJUPAiB+SoTYBo5mCdeMgdcAoXJ59m6DT1vw+5iLS3gNoqYaRowaBKtGVrOF1Jz4yDTgYKLK2kvfJg==",
            "dependencies": {
                "dom-serializer": "^1.0.1",
                "domelementtype": "^2.2.0",
                "domhandler": "^4.2.0"
            },
            "funding": {
                "url": "https://github.com/fb55/domutils?sponsor=1"
            }
        },
        "node_modules/domutils/node_modules/domhandler": {
            "version": "4.2.0",
            "resolved": "https://registry.npmjs.org/domhandler/-/domhandler-4.2.0.tgz",
            "integrity": "sha512-zk7sgt970kzPks2Bf+dwT/PLzghLnsivb9CcxkvR8Mzr66Olr0Ofd8neSbglHJHaHa2MadfoSdNlKYAaafmWfA==",
            "dependencies": {
                "domelementtype": "^2.2.0"
            },
            "engines": {
                "node": ">= 4"
            },
            "funding": {
                "url": "https://github.com/fb55/domhandler?sponsor=1"
            }
        },
        "node_modules/enolib": {
            "version": "0.8.2",
            "resolved": "https://registry.npmjs.org/enolib/-/enolib-0.8.2.tgz",
            "integrity": "sha512-kfeb9gAi+VkOHGzuSpb1wMNPPJ9CfbLabkzWGcPW37CDxtpPgIKeBAQsG0qJmY3zNTd4nu05ZYahqpPay1vrzw=="
        },
        "node_modules/enotype": {
            "version": "0.3.0",
            "resolved": "https://registry.npmjs.org/enotype/-/enotype-0.3.0.tgz",
            "integrity": "sha512-vUfQZj5ZIFMCYEhSww8pk2NIE0ZWsEI22Z79zFvRulx8TBtr+SPdVDHiesQQaUdQQKkkkB2z1VP8GXokONqIAQ=="
        },
        "node_modules/entities": {
            "version": "2.2.0",
            "resolved": "https://registry.npmjs.org/entities/-/entities-2.2.0.tgz",
            "integrity": "sha512-p92if5Nz619I0w+akJrLZH0MX0Pb5DX39XOwQTtXSdQQOaYH03S1uIQp4mhOZtAXrxq4ViO67YTiLBo2638o9A==",
            "funding": {
                "url": "https://github.com/fb55/entities?sponsor=1"
            }
        },
        "node_modules/escape-string-regexp": {
            "version": "1.0.5",
            "resolved": "https://registry.npmjs.org/escape-string-regexp/-/escape-string-regexp-1.0.5.tgz",
            "integrity": "sha1-G2HAViGQqN/2rjuyzwIAyhMLhtQ=",
            "engines": {
                "node": ">=0.8.0"
            }
        },
        "node_modules/has-flag": {
            "version": "3.0.0",
            "resolved": "https://registry.npmjs.org/has-flag/-/has-flag-3.0.0.tgz",
            "integrity": "sha1-tdRU3CGZriJWmfNGfloH87lVuv0=",
            "engines": {
                "node": ">=4"
            }
        },
        "node_modules/htmlparser2": {
            "version": "4.1.0",
            "resolved": "https://registry.npmjs.org/htmlparser2/-/htmlparser2-4.1.0.tgz",
            "integrity": "sha512-4zDq1a1zhE4gQso/c5LP1OtrhYTncXNSpvJYtWJBtXAETPlMfi3IFNjGuQbYLuVY4ZR0QMqRVvo4Pdy9KLyP8Q==",
            "dependencies": {
                "domelementtype": "^2.0.1",
                "domhandler": "^3.0.0",
                "domutils": "^2.0.0",
                "entities": "^2.0.0"
            }
        },
        "node_modules/iconv-lite": {
            "version": "0.5.2",
            "resolved": "https://registry.npmjs.org/iconv-lite/-/iconv-lite-0.5.2.tgz",
            "integrity": "sha512-kERHXvpSaB4aU3eANwidg79K8FlrN77m8G9V+0vOR3HYaRifrlwMEpT7ZBJqLSEIHnEgJTHcWK82wwLwwKwtag==",
            "dependencies": {
                "safer-buffer": ">= 2.1.2 < 3"
            },
            "engines": {
                "node": ">=0.10.0"
            }
        },
        "node_modules/lodash": {
            "version": "4.17.21",
            "resolved": "https://registry.npmjs.org/lodash/-/lodash-4.17.21.tgz",
            "integrity": "sha512-v2kDEe57lecTulaDIuNTPy3Ry4gLGJ6Z1O3vE1krgXZNrsQ+LFTGHVxVjcXPs17LhbZVGedAJv8XZ1tvj5FvSg=="
        },
        "node_modules/parse-srcset": {
            "version": "1.0.2",
            "resolved": "https://registry.npmjs.org/parse-srcset/-/parse-srcset-1.0.2.tgz",
            "integrity": "sha1-8r0iH2zJcKk42IVWq8WJyqqiveE="
        },
        "node_modules/postcss": {
            "version": "7.0.36",
            "resolved": "https://registry.npmjs.org/postcss/-/postcss-7.0.36.tgz",
            "integrity": "sha512-BebJSIUMwJHRH0HAQoxN4u1CN86glsrwsW0q7T+/m44eXOUAxSNdHRkNZPYz5vVUbg17hFgOQDE7fZk7li3pZw==",
            "dependencies": {
                "chalk": "^2.4.2",
                "source-map": "^0.6.1",
                "supports-color": "^6.1.0"
            },
            "engines": {
                "node": ">=6.0.0"
            },
            "funding": {
                "type": "opencollective",
                "url": "https://opencollective.com/postcss/"
            }
        },
        "node_modules/safer-buffer": {
            "version": "2.1.2",
            "resolved": "https://registry.npmjs.org/safer-buffer/-/safer-buffer-2.1.2.tgz",
            "integrity": "sha512-YZo3K82SD7Riyi0E1EQPojLz7kpepnSQI9IyPbHHg1XXXevb5dJI7tpyN2ADxGcQbHG7vcyRHk0cbwqcQriUtg=="
        },
        "node_modules/sanitize-html": {
            "version": "1.27.5",
            "resolved": "https://registry.npmjs.org/sanitize-html/-/sanitize-html-1.27.5.tgz",
            "integrity": "sha512-M4M5iXDAUEcZKLXkmk90zSYWEtk5NH3JmojQxKxV371fnMh+x9t1rqdmXaGoyEHw3z/X/8vnFhKjGL5xFGOJ3A==",
            "dependencies": {
                "htmlparser2": "^4.1.0",
                "lodash": "^4.17.15",
                "parse-srcset": "^1.0.2",
                "postcss": "^7.0.27"
            }
        },
        "node_modules/source-map": {
            "version": "0.6.1",
            "resolved": "https://registry.npmjs.org/source-map/-/source-map-0.6.1.tgz",
            "integrity": "sha512-UjgapumWlbMhkBgzT7Ykc5YXUT46F0iKu8SGXq0bcwP5dz/h0Plj6enJqjz1Zbq2l5WaqYnrVbwWOWMyF3F47g==",
            "engines": {
                "node": ">=0.10.0"
            }
        },
        "node_modules/supports-color": {
            "version": "6.1.0",
            "resolved": "https://registry.npmjs.org/supports-color/-/supports-color-6.1.0.tgz",
            "integrity": "sha512-qe1jfm1Mg7Nq/NSh6XE24gPXROEVsWHxC1LIx//XNlD9iw7YZQGjZNjYN7xGaEG6iKdA8EtNFW6R0gjnVXp+wQ==",
            "dependencies": {
                "has-flag": "^3.0.0"
            },
            "engines": {
                "node": ">=6"
            }
        }
    },
    "dependencies": {
        "@confuzzle/burrows-wheeler": {
            "version": "1.0.0",
            "resolved": "https://registry.npmjs.org/@confuzzle/burrows-wheeler/-/burrows-wheeler-1.0.0.tgz",
            "integrity": "sha512-4hEs+wVY4WIK0XMwOfI4FnfmAW3Ob29PgDhOaL/J0dgwvd35j53EjqRQyEa7XJ39kp5ERYVKxNqLROiY3x0OXw=="
        },
        "@confuzzle/confuz-parser": {
            "version": "1.0.0",
            "resolved": "https://registry.npmjs.org/@confuzzle/confuz-parser/-/confuz-parser-1.0.0.tgz",
            "integrity": "sha512-5oyBqdap4ahXST1HztFe1KY26Om35KaG2NFTJ7jh74Nxq6WBn0UDk59asoih7iXsIQC55SQmAACaXm2Aj85V7A==",
            "requires": {
                "enolib": "^0.8.2",
                "enotype": "^0.3.0",
                "sanitize-html": "^1.27.5"
            }
        },
        "@confuzzle/ecoji-buffers": {
            "version": "1.0.0",
            "resolved": "https://registry.npmjs.org/@confuzzle/ecoji-buffers/-/ecoji-buffers-1.0.0.tgz",
            "integrity": "sha512-33F3Mg32X8ivh6RcAFZUhbQlnauoUap38Gmmmp0y9kPnYmtczgyTnPkAqcr0Ky7cSmiXzlQWMY2ms1wQr69GMQ=="
        },
        "@confuzzle/move-to-front": {
            "version": "1.0.0",
            "resolved": "https://registry.npmjs.org/@confuzzle/move-to-front/-/move-to-front-1.0.0.tgz",
            "integrity": "sha512-BD4i5YaIFatlHlETbxTN00R0FuXk16yYjXEDuCqHUDeWprwds/EaLV9FUpPQKDt3Vo2GRthZtlgdJgAILQZI+g=="
        },
        "@confuzzle/puz-common": {
            "version": "1.0.1",
            "resolved": "https://registry.npmjs.org/@confuzzle/puz-common/-/puz-common-1.0.1.tgz",
            "integrity": "sha512-2x9izbdqYXuUclMtFVdLs2rLYav9uEfyH016cEBcQnFEsXJzSRphBvUy5u+PhsfTRKJWN/4DPe5+GnC4TXzEkQ==",
            "requires": {
                "iconv-lite": "^0.5.2"
            }
        },
        "@confuzzle/puz-crossword": {
            "version": "1.0.1",
            "resolved": "https://registry.npmjs.org/@confuzzle/puz-crossword/-/puz-crossword-1.0.1.tgz",
            "integrity": "sha512-OsMqIW6Zd4ocTuZ710ZUbpZWrwyjjszLpY4HlZRmi8vEnhrXUsEo0ksmZpHW5XgSYamXeIDW0lrdIemsbL/E2A==",
            "requires": {
                "@confuzzle/puz-common": "^1.0.0",
                "@confuzzle/readpuz": "^1.0.0",
                "@confuzzle/writepuz": "^1.0.0",
                "iconv-lite": "^0.5.2"
            }
        },
        "@confuzzle/puz-sharing": {
            "version": "1.1.0",
            "resolved": "https://registry.npmjs.org/@confuzzle/puz-sharing/-/puz-sharing-1.1.0.tgz",
            "integrity": "sha512-/vnHlMOnfIlsdIQWk23Ubex2AO++HblRnjvQGBF5+wHcTIDamhjO9pFmETk66H2LgKZnNqXrpw2cXFCtjIVFLg==",
            "requires": {
                "@confuzzle/ecoji-buffers": "^1.0.0",
                "@confuzzle/puz-common": "^1.0.1",
                "@confuzzle/puz-crossword": "^1.0.1",
                "@confuzzle/readpuz": "^1.0.1",
                "@confuzzle/writepuz": "^1.0.1",
                "@thi.ng/range-coder": "^1.0.64",
                "base64url": "^3.0.1"
            }
        },
        "@confuzzle/readpuz": {
            "version": "1.0.1",
            "resolved": "https://registry.npmjs.org/@confuzzle/readpuz/-/readpuz-1.0.1.tgz",
            "integrity": "sha512-Idxr6D/jc7A1XWHOdzKM633SWqQaFp480VgwlVc/nCl2bJCegIRmcBZoyxNcde7RxQDqAPupgA0B1+nT+ki1AQ==",
            "requires": {
                "@confuzzle/puz-common": "^1.0.0",
                "iconv-lite": "^0.5.2"
            }
        },
        "@confuzzle/writepuz": {
            "version": "1.0.1",
            "resolved": "https://registry.npmjs.org/@confuzzle/writepuz/-/writepuz-1.0.1.tgz",
            "integrity": "sha512-5qqIBgc4TFYJVNwOq30mYbiR+ynYGCvCpKr0yBR0IwX0YsqiqOeeH7tNFd44gh8WwmPKRMXzOy6awHrdxdkBig==",
            "requires": {
                "@confuzzle/puz-common": "^1.0.0",
                "iconv-lite": "^0.5.2"
            }
        },
        "@thi.ng/bitstream": {
            "version": "1.1.39",
            "resolved": "https://registry.npmjs.org/@thi.ng/bitstream/-/bitstream-1.1.39.tgz",
            "integrity": "sha512-BqauG05KrP52xWJC7JiGYf66qYBzy4b4e1ARh2AL1IF/A55hzbak7DTz5gMW6jwVAs0DHSFW1cC7eq8DtiyCIA==",
            "requires": {
                "@thi.ng/errors": "^1.3.1"
            }
        },
        "@thi.ng/errors": {
            "version": "1.3.1",
            "resolved": "https://registry.npmjs.org/@thi.ng/errors/-/errors-1.3.1.tgz",
            "integrity": "sha512-Yuh20gmn3T1otq4gq9kP1yiQMnYq4wLdZ5VJzXDH6F9oSrzatV/NUVr46wsNtOMUWrrKK+8wQdo0HmDWPi2UVA=="
        },
        "@thi.ng/range-coder": {
            "version": "1.0.83",
            "resolved": "https://registry.npmjs.org/@thi.ng/range-coder/-/range-coder-1.0.83.tgz",
            "integrity": "sha512-wgY7B1qeitEAKNhUzEfFJam1CGrt17OvnQxWxLezgyafAEKtCyfVJxL4HPm7i//E//zOQkoiBC7HBcA2HDdf7g==",
            "requires": {
                "@thi.ng/bitstream": "^1.1.39"
            }
        },
        "ansi-styles": {
            "version": "3.2.1",
            "resolved": "https://registry.npmjs.org/ansi-styles/-/ansi-styles-3.2.1.tgz",
            "integrity": "sha512-VT0ZI6kZRdTh8YyJw3SMbYm/u+NqfsAxEpWO0Pf9sq8/e94WxxOpPKx9FR1FlyCtOVDNOQ+8ntlqFxiRc+r5qA==",
            "requires": {
                "color-convert": "^1.9.0"
            }
        },
        "base64url": {
            "version": "3.0.1",
            "resolved": "https://registry.npmjs.org/base64url/-/base64url-3.0.1.tgz",
            "integrity": "sha512-ir1UPr3dkwexU7FdV8qBBbNDRUhMmIekYMFZfi+C/sLNnRESKPl23nB9b2pltqfOQNnGzsDdId90AEtG5tCx4A=="
        },
        "chalk": {
            "version": "2.4.2",
            "resolved": "https://registry.npmjs.org/chalk/-/chalk-2.4.2.tgz",
            "integrity": "sha512-Mti+f9lpJNcwF4tWV8/OrTTtF1gZi+f8FqlyAdouralcFWFQWF2+NgCHShjkCb+IFBLq9buZwE1xckQU4peSuQ==",
            "requires": {
                "ansi-styles": "^3.2.1",
                "escape-string-regexp": "^1.0.5",
                "supports-color": "^5.3.0"
            },
            "dependencies": {
                "supports-color": {
                    "version": "5.5.0",
                    "resolved": "https://registry.npmjs.org/supports-color/-/supports-color-5.5.0.tgz",
                    "integrity": "sha512-QjVjwdXIt408MIiAqCX4oUKsgU2EqAGzs2Ppkm4aQYbjm+ZEWEcW4SfFNTr4uMNZma0ey4f5lgLrkB0aX0QMow==",
                    "requires": {
                        "has-flag": "^3.0.0"
                    }
                }
            }
        },
        "color-convert": {
            "version": "1.9.3",
            "resolved": "https://registry.npmjs.org/color-convert/-/color-convert-1.9.3.tgz",
            "integrity": "sha512-QfAUtd+vFdAtFQcC8CCyYt1fYWxSqAiK2cSD6zDB8N3cpsEBAvRxp9zOGg6G/SHHJYAT88/az/IuDGALsNVbGg==",
            "requires": {
                "color-name": "1.1.3"
            }
        },
        "color-name": {
            "version": "1.1.3",
            "resolved": "https://registry.npmjs.org/color-name/-/color-name-1.1.3.tgz",
            "integrity": "sha1-p9BVi9icQveV3UIyj3QIMcpTvCU="
        },
        "dom-serializer": {
            "version": "1.3.2",
            "resolved": "https://registry.npmjs.org/dom-serializer/-/dom-serializer-1.3.2.tgz",
            "integrity": "sha512-5c54Bk5Dw4qAxNOI1pFEizPSjVsx5+bpJKmL2kPn8JhBUq2q09tTCa3mjijun2NfK78NMouDYNMBkOrPZiS+ig==",
            "requires": {
                "domelementtype": "^2.0.1",
                "domhandler": "^4.2.0",
                "entities": "^2.0.0"
            },
            "dependencies": {
                "domhandler": {
                    "version": "4.2.0",
                    "resolved": "https://registry.npmjs.org/domhandler/-/domhandler-4.2.0.tgz",
                    "integrity": "sha512-zk7sgt970kzPks2Bf+dwT/PLzghLnsivb9CcxkvR8Mzr66Olr0Ofd8neSbglHJHaHa2MadfoSdNlKYAaafmWfA==",
                    "requires": {
                        "domelementtype": "^2.2.0"
                    }
                }
            }
        },
        "domelementtype": {
            "version": "2.2.0",
            "resolved": "https://registry.npmjs.org/domelementtype/-/domelementtype-2.2.0.tgz",
            "integrity": "sha512-DtBMo82pv1dFtUmHyr48beiuq792Sxohr+8Hm9zoxklYPfa6n0Z3Byjj2IV7bmr2IyqClnqEQhfgHJJ5QF0R5A=="
        },
        "domhandler": {
            "version": "3.3.0",
            "resolved": "https://registry.npmjs.org/domhandler/-/domhandler-3.3.0.tgz",
            "integrity": "sha512-J1C5rIANUbuYK+FuFL98650rihynUOEzRLxW+90bKZRWB6A1X1Tf82GxR1qAWLyfNPRvjqfip3Q5tdYlmAa9lA==",
            "requires": {
                "domelementtype": "^2.0.1"
            }
        },
        "domutils": {
            "version": "2.7.0",
            "resolved": "https://registry.npmjs.org/domutils/-/domutils-2.7.0.tgz",
            "integrity": "sha512-8eaHa17IwJUPAiB+SoTYBo5mCdeMgdcAoXJ59m6DT1vw+5iLS3gNoqYaRowaBKtGVrOF1Jz4yDTgYKLK2kvfJg==",
            "requires": {
                "dom-serializer": "^1.0.1",
                "domelementtype": "^2.2.0",
                "domhandler": "^4.2.0"
            },
            "dependencies": {
                "domhandler": {
                    "version": "4.2.0",
                    "resolved": "https://registry.npmjs.org/domhandler/-/domhandler-4.2.0.tgz",
                    "integrity": "sha512-zk7sgt970kzPks2Bf+dwT/PLzghLnsivb9CcxkvR8Mzr66Olr0Ofd8neSbglHJHaHa2MadfoSdNlKYAaafmWfA==",
                    "requires": {
                        "domelementtype": "^2.2.0"
                    }
                }
            }
        },
        "enolib": {
            "version": "0.8.2",
            "resolved": "https://registry.npmjs.org/enolib/-/enolib-0.8.2.tgz",
            "integrity": "sha512-kfeb9gAi+VkOHGzuSpb1wMNPPJ9CfbLabkzWGcPW37CDxtpPgIKeBAQsG0qJmY3zNTd4nu05ZYahqpPay1vrzw=="
        },
        "enotype": {
            "version": "0.3.0",
            "resolved": "https://registry.npmjs.org/enotype/-/enotype-0.3.0.tgz",
            "integrity": "sha512-vUfQZj5ZIFMCYEhSww8pk2NIE0ZWsEI22Z79zFvRulx8TBtr+SPdVDHiesQQaUdQQKkkkB2z1VP8GXokONqIAQ=="
        },
        "entities": {
            "version": "2.2.0",
            "resolved": "https://registry.npmjs.org/entities/-/entities-2.2.0.tgz",
            "integrity": "sha512-p92if5Nz619I0w+akJrLZH0MX0Pb5DX39XOwQTtXSdQQOaYH03S1uIQp4mhOZtAXrxq4ViO67YTiLBo2638o9A=="
        },
        "escape-string-regexp": {
            "version": "1.0.5",
            "resolved": "https://registry.npmjs.org/escape-string-regexp/-/escape-string-regexp-1.0.5.tgz",
            "integrity": "sha1-G2HAViGQqN/2rjuyzwIAyhMLhtQ="
        },
        "has-flag": {
            "version": "3.0.0",
            "resolved": "https://registry.npmjs.org/has-flag/-/has-flag-3.0.0.tgz",
            "integrity": "sha1-tdRU3CGZriJWmfNGfloH87lVuv0="
        },
        "htmlparser2": {
            "version": "4.1.0",
            "resolved": "https://registry.npmjs.org/htmlparser2/-/htmlparser2-4.1.0.tgz",
            "integrity": "sha512-4zDq1a1zhE4gQso/c5LP1OtrhYTncXNSpvJYtWJBtXAETPlMfi3IFNjGuQbYLuVY4ZR0QMqRVvo4Pdy9KLyP8Q==",
            "requires": {
                "domelementtype": "^2.0.1",
                "domhandler": "^3.0.0",
                "domutils": "^2.0.0",
                "entities": "^2.0.0"
            }
        },
        "iconv-lite": {
            "version": "0.5.2",
            "resolved": "https://registry.npmjs.org/iconv-lite/-/iconv-lite-0.5.2.tgz",
            "integrity": "sha512-kERHXvpSaB4aU3eANwidg79K8FlrN77m8G9V+0vOR3HYaRifrlwMEpT7ZBJqLSEIHnEgJTHcWK82wwLwwKwtag==",
            "requires": {
                "safer-buffer": ">= 2.1.2 < 3"
            }
        },
        "lodash": {
            "version": "4.17.21",
            "resolved": "https://registry.npmjs.org/lodash/-/lodash-4.17.21.tgz",
            "integrity": "sha512-v2kDEe57lecTulaDIuNTPy3Ry4gLGJ6Z1O3vE1krgXZNrsQ+LFTGHVxVjcXPs17LhbZVGedAJv8XZ1tvj5FvSg=="
        },
        "parse-srcset": {
            "version": "1.0.2",
            "resolved": "https://registry.npmjs.org/parse-srcset/-/parse-srcset-1.0.2.tgz",
            "integrity": "sha1-8r0iH2zJcKk42IVWq8WJyqqiveE="
        },
        "postcss": {
            "version": "7.0.36",
            "resolved": "https://registry.npmjs.org/postcss/-/postcss-7.0.36.tgz",
            "integrity": "sha512-BebJSIUMwJHRH0HAQoxN4u1CN86glsrwsW0q7T+/m44eXOUAxSNdHRkNZPYz5vVUbg17hFgOQDE7fZk7li3pZw==",
            "requires": {
                "chalk": "^2.4.2",
                "source-map": "^0.6.1",
                "supports-color": "^6.1.0"
            }
        },
        "safer-buffer": {
            "version": "2.1.2",
            "resolved": "https://registry.npmjs.org/safer-buffer/-/safer-buffer-2.1.2.tgz",
            "integrity": "sha512-YZo3K82SD7Riyi0E1EQPojLz7kpepnSQI9IyPbHHg1XXXevb5dJI7tpyN2ADxGcQbHG7vcyRHk0cbwqcQriUtg=="
        },
        "sanitize-html": {
            "version": "1.27.5",
            "resolved": "https://registry.npmjs.org/sanitize-html/-/sanitize-html-1.27.5.tgz",
            "integrity": "sha512-M4M5iXDAUEcZKLXkmk90zSYWEtk5NH3JmojQxKxV371fnMh+x9t1rqdmXaGoyEHw3z/X/8vnFhKjGL5xFGOJ3A==",
            "requires": {
                "htmlparser2": "^4.1.0",
                "lodash": "^4.17.15",
                "parse-srcset": "^1.0.2",
                "postcss": "^7.0.27"
            }
        },
        "source-map": {
            "version": "0.6.1",
            "resolved": "https://registry.npmjs.org/source-map/-/source-map-0.6.1.tgz",
            "integrity": "sha512-UjgapumWlbMhkBgzT7Ykc5YXUT46F0iKu8SGXq0bcwP5dz/h0Plj6enJqjz1Zbq2l5WaqYnrVbwWOWMyF3F47g=="
        },
        "supports-color": {
            "version": "6.1.0",
            "resolved": "https://registry.npmjs.org/supports-color/-/supports-color-6.1.0.tgz",
            "integrity": "sha512-qe1jfm1Mg7Nq/NSh6XE24gPXROEVsWHxC1LIx//XNlD9iw7YZQGjZNjYN7xGaEG6iKdA8EtNFW6R0gjnVXp+wQ==",
            "requires": {
                "has-flag": "^3.0.0"
            }
        }
    }
}
