{
    "name": "@confuzzle/confuz-parser",
    "version": "1.2.3",
    "lockfileVersion": 3,
    "requires": true,
    "packages": {
        "": {
            "name": "@confuzzle/confuz-parser",
            "version": "1.2.3",
            "license": "MIT",
            "dependencies": {
                "dompurify": "^3.1.5",
                "enolib": "^0.8.2",
                "enotype": "^0.3.0"
            }
        },
        "node_modules/dompurify": {
            "version": "3.1.5",
            "resolved": "https://registry.npmjs.org/dompurify/-/dompurify-3.1.5.tgz",
            "integrity": "sha512-lwG+n5h8QNpxtyrJW/gJWckL+1/DQiYMX8f7t8Z2AZTPw1esVrqjI63i7Zc2Gz0aKzLVMYC1V1PL/ky+aY/NgA=="
        },
        "node_modules/enolib": {
            "version": "0.8.2",
            "resolved": "https://registry.npmjs.org/enolib/-/enolib-0.8.2.tgz",
            "integrity": "sha512-kfeb9gAi+VkOHGzuSpb1wMNPPJ9CfbLabkzWGcPW37CDxtpPgIKeBAQsG0qJmY3zNTd4nu05ZYahqpPay1vrzw=="
        },
        "node_modules/enotype": {
            "version": "0.3.0",
            "resolved": "https://registry.npmjs.org/enotype/-/enotype-0.3.0.tgz",
            "integrity": "sha512-vUfQZj5ZIFMCYEhSww8pk2NIE0ZWsEI22Z79zFvRulx8TBtr+SPdVDHiesQQaUdQQKkkkB2z1VP8GXokONqIAQ=="
        }
    }
}
